github.com/go-playground/assert/v2 v2.0.1 h1:MsBgLAaY856+nPRTKrp3/OZK38U/wa0CcBYNjji3q3A=
github.com/go-playground/assert/v2 v2.0.1/go.mod h1:VDjEfimB/XKnb+ZQfWdccd7VUvScMdVu0Titje2rxJ4=
github.com/mitchellh/go-ps v1.0.0 h1:i6ampVEEF4wQFF+bkYfwYgY+F/uYJDktmvLPf7qIgjc=
github.com/mitchellh/go-ps v1.0.0/go.mod h1:J4lOc8z8yJs6vUwklHw2XEIiT4z4C40KtWVN3nvg8Pg=
github.com/opesun/goquery v0.0.0-20160908163916-0d77e43213cd h1:taV1toAfzAdRwNWpIB7JMdgX2xL+JT3Rq8GXzyPK1Is=
github.com/opesun/goquery v0.0.0-20160908163916-0d77e43213cd/go.mod h1:XIY7IuxoZH2deZdjIgzLqXlYkOHiwNC+hL1m3vS2A8g=
